
Microsoft Visual Studio Solution File, Format Version 12.00
# Visual Studio Version 17
VisualStudioVersion = 17.14.37216.2 d17.14
MinimumVisualStudioVersion = 10.0.40219.1
Project("{FAE04EC0-301F-11D3-BF4B-00C04F79EFBC}") = "NeuroHealth", "NeuroHealth\NeuroHealth.csproj", "{F6512D46-068E-4AEB-8D48-397C1C6EF8C2}"
EndProject
Global
	GlobalSection(SolutionConfigurationPlatforms) = preSolution
		Debug|Any CPU = Debug|Any CPU
		Release|Any CPU = Release|Any CPU
	EndGlobalSection
	GlobalSection(ProjectConfigurationPlatforms) = postSolution
		{F6512D46-068E-4AEB-8D48-397C1C6EF8C2}.Debug|Any CPU.ActiveCfg = Debug|Any CPU
		{F6512D46-068E-4AEB-8D48-397C1C6EF8C2}.Debug|Any CPU.Build.0 = Debug|Any CPU
		{F6512D46-068E-4AEB-8D48-397C1C6EF8C2}.Release|Any CPU.ActiveCfg = Release|Any CPU
		{F6512D46-068E-4AEB-8D48-397C1C6EF8C2}.Release|Any CPU.Build.0 = Release|Any CPU
	EndGlobalSection
	GlobalSection(SolutionProperties) = preSolution
		HideSolutionNode = FALSE
	EndGlobalSection
	GlobalSection(ExtensibilityGlobals) = postSolution
		SolutionGuid = {DCEEB7CF-9A7A-4747-B388-386C64126D7C}
	EndGlobalSection
EndGlobal
